
Microsoft Visual Studio Solution File, Format Version 12.00
# Visual Studio Version 16
VisualStudioVersion = 16.0.30907.101
MinimumVisualStudioVersion = 10.0.40219.1
Project("{FAE04EC0-301F-11D3-BF4B-00C04F79EFBC}") = "AD9959EvalBdUsbK", "AD9959EvalBdUsbK.csproj", "{B68A681D-4620-4169-9753-72E0C99EB612}"
EndProject
Global
	GlobalSection(SolutionConfigurationPlatforms) = preSolution
		Debug|Any CPU = Debug|Any CPU
		Release|Any CPU = Release|Any CPU
	EndGlobalSection
	GlobalSection(ProjectConfigurationPlatforms) = postSolution
		{B68A681D-4620-4169-9753-72E0C99EB612}.Debug|Any CPU.ActiveCfg = Debug|Any CPU
		{B68A681D-4620-4169-9753-72E0C99EB612}.Debug|Any CPU.Build.0 = Debug|Any CPU
		{B68A681D-4620-4169-9753-72E0C99EB612}.Release|Any CPU.ActiveCfg = Release|Any CPU
		{B68A681D-4620-4169-9753-72E0C99EB612}.Release|Any CPU.Build.0 = Release|Any CPU
	EndGlobalSection
	GlobalSection(SolutionProperties) = preSolution
		HideSolutionNode = FALSE
	EndGlobalSection
	GlobalSection(ExtensibilityGlobals) = postSolution
		SolutionGuid = {E264A5C3-B927-437D-A911-EB39E58FC4B1}
	EndGlobalSection
EndGlobal
