
Microsoft Visual Studio Solution File, Format Version 12.00
# Visual Studio Version 16
VisualStudioVersion = 16.0.30907.101
MinimumVisualStudioVersion = 10.0.40219.1
Project("{FAE04EC0-301F-11D3-BF4B-00C04F79EFBC}") = "ippdefs", "Ippdefs\ippdefs.csproj", "{2A375DF3-8404-4C52-BB24-9D51C2502B81}"
EndProject
Project("{FAE04EC0-301F-11D3-BF4B-00C04F79EFBC}") = "ippcore", "ippcore\ippcore.csproj", "{FD08683A-AC7C-48EA-A869-7A39F61A3E5B}"
EndProject
Project("{FAE04EC0-301F-11D3-BF4B-00C04F79EFBC}") = "ippch_cs", "ippch_cs\ippch_cs.csproj", "{E6A97C66-EAEB-4177-A20E-785BBC89DA4F}"
EndProject
Project("{FAE04EC0-301F-11D3-BF4B-00C04F79EFBC}") = "ipps", "ipps\ipps.csproj", "{C1D7AB2F-FBA6-4579-9A52-6F1A779EAC5F}"
EndProject
Project("{FAE04EC0-301F-11D3-BF4B-00C04F79EFBC}") = "ZGraphDac", "ZGraphDac\ZGraphDac.csproj", "{2541686B-1673-43BF-AF89-3163945DB009}"
EndProject
Project("{FAE04EC0-301F-11D3-BF4B-00C04F79EFBC}") = "Xp ProgressBar", "ProgressBar3\Source\Control\Xp ProgressBar.csproj", "{98348D7A-6606-4CEA-BAC9-859D435C5988}"
EndProject
Project("{FAE04EC0-301F-11D3-BF4B-00C04F79EFBC}") = "Utilities", "Utilities\Utilities.csproj", "{047BA7B6-8BA0-4E2C-8D77-D833BD050A07}"
EndProject
Project("{FAE04EC0-301F-11D3-BF4B-00C04F79EFBC}") = "Utilities.Graphics", "Utilities.Graphics\Utilities.Graphics.csproj", "{67699C72-DE24-4AE0-935F-2DF92ED14274}"
	ProjectSection(ProjectDependencies) = postProject
		{2541686B-1673-43BF-AF89-3163945DB009} = {2541686B-1673-43BF-AF89-3163945DB009}
	EndProjectSection
EndProject
Project("{FAE04EC0-301F-11D3-BF4B-00C04F79EFBC}") = "SpinAPI.NET", "SpinAPI.NET\SpinAPI.NET.csproj", "{4C72C3DD-7D04-4572-BD64-5E82AF9DD974}"
EndProject
Project("{FAE04EC0-301F-11D3-BF4B-00C04F79EFBC}") = "Utilities.Maths", "DACarter.Utilities.Maths\Utilities.Maths\Utilities.Maths.csproj", "{8AE66ACC-0064-408A-9732-C40BB869E60A}"
	ProjectSection(ProjectDependencies) = postProject
		{2541686B-1673-43BF-AF89-3163945DB009} = {2541686B-1673-43BF-AF89-3163945DB009}
		{67699C72-DE24-4AE0-935F-2DF92ED14274} = {67699C72-DE24-4AE0-935F-2DF92ED14274}
		{047BA7B6-8BA0-4E2C-8D77-D833BD050A07} = {047BA7B6-8BA0-4E2C-8D77-D833BD050A07}
	EndProjectSection
EndProject
Project("{FAE04EC0-301F-11D3-BF4B-00C04F79EFBC}") = "DACarter.PopUtilities", "DACarter.PopUtilities\DACarter.PopUtilities\DACarter.PopUtilities.csproj", "{C10C6749-48E2-496A-9503-5449E2F34CE2}"
	ProjectSection(ProjectDependencies) = postProject
		{047BA7B6-8BA0-4E2C-8D77-D833BD050A07} = {047BA7B6-8BA0-4E2C-8D77-D833BD050A07}
	EndProjectSection
EndProject
Project("{FAE04EC0-301F-11D3-BF4B-00C04F79EFBC}") = "AD9959EvalBd", "AD9959EvalBd\AD9959EvalBd.csproj", "{7CDEF638-EC9C-4F14-85B8-F4923698F85E}"
	ProjectSection(ProjectDependencies) = postProject
		{C10C6749-48E2-496A-9503-5449E2F34CE2} = {C10C6749-48E2-496A-9503-5449E2F34CE2}
		{047BA7B6-8BA0-4E2C-8D77-D833BD050A07} = {047BA7B6-8BA0-4E2C-8D77-D833BD050A07}
	EndProjectSection
EndProject
Project("{FAE04EC0-301F-11D3-BF4B-00C04F79EFBC}") = "AD9959EvalBdUsbK", "AD9959EvalBdUsbK\AD9959EvalBdUsbK.csproj", "{B68A681D-4620-4169-9753-72E0C99EB612}"
	ProjectSection(ProjectDependencies) = postProject
		{C10C6749-48E2-496A-9503-5449E2F34CE2} = {C10C6749-48E2-496A-9503-5449E2F34CE2}
	EndProjectSection
EndProject
Project("{FAE04EC0-301F-11D3-BF4B-00C04F79EFBC}") = "DACarter.NOAA.Hardware", "DACarter.NOAA.Hardware\DACarter.NOAA.Hardware.csproj", "{32416B16-2BA0-4551-8DA5-CE688FD2A2EC}"
	ProjectSection(ProjectDependencies) = postProject
		{C10C6749-48E2-496A-9503-5449E2F34CE2} = {C10C6749-48E2-496A-9503-5449E2F34CE2}
	EndProjectSection
EndProject
Project("{FAE04EC0-301F-11D3-BF4B-00C04F79EFBC}") = "DAQDevice", "DAQDevice\DAQDevice.csproj", "{78BED94F-01B9-446F-8084-145B3EC0753F}"
	ProjectSection(ProjectDependencies) = postProject
		{C10C6749-48E2-496A-9503-5449E2F34CE2} = {C10C6749-48E2-496A-9503-5449E2F34CE2}
	EndProjectSection
EndProject
Project("{FAE04EC0-301F-11D3-BF4B-00C04F79EFBC}") = "MCPowermeter", "MCPowermeter\MCPowermeter.csproj", "{2068B1E5-8F8F-4FA0-AC07-A1C9843A6321}"
EndProject
Project("{FAE04EC0-301F-11D3-BF4B-00C04F79EFBC}") = "PulseboxCard", "PulseboxCard\PulseboxCard.csproj", "{76405A69-A01F-4F60-8653-3DA5F0B9505F}"
EndProject
Project("{FAE04EC0-301F-11D3-BF4B-00C04F79EFBC}") = "PulseGenDevice", "PulseGenDevice\PulseGenDevice.csproj", "{56D2F689-413D-4C58-A720-E1AD822CBF70}"
EndProject
Project("{FAE04EC0-301F-11D3-BF4B-00C04F79EFBC}") = "PulseGenFactory", "PulseGenFactory\PulseGenFactory.csproj", "{94D1E942-A756-4A49-BDA3-F8DC26937342}"
	ProjectSection(ProjectDependencies) = postProject
		{C10C6749-48E2-496A-9503-5449E2F34CE2} = {C10C6749-48E2-496A-9503-5449E2F34CE2}
		{56D2F689-413D-4C58-A720-E1AD822CBF70} = {56D2F689-413D-4C58-A720-E1AD822CBF70}
	EndProjectSection
EndProject
Project("{FAE04EC0-301F-11D3-BF4B-00C04F79EFBC}") = "DACarter.ClientServer", "DACarter.ClientServer\DACarter.ClientServer.csproj", "{741631BC-E2FD-441F-A565-EA355787B303}"
EndProject
Project("{FAE04EC0-301F-11D3-BF4B-00C04F79EFBC}") = "NOAA", "NOAA\NOAA.csproj", "{191EE53E-DE07-455F-A8A5-666F77575C4B}"
EndProject
Project("{FAE04EC0-301F-11D3-BF4B-00C04F79EFBC}") = "POPCommunication", "POPCommServer\POPCommunication.csproj", "{68124B13-C2DB-4574-A9F2-BD2672E4D4AA}"
	ProjectSection(ProjectDependencies) = postProject
		{C10C6749-48E2-496A-9503-5449E2F34CE2} = {C10C6749-48E2-496A-9503-5449E2F34CE2}
		{741631BC-E2FD-441F-A565-EA355787B303} = {741631BC-E2FD-441F-A565-EA355787B303}
	EndProjectSection
EndProject
Project("{FAE04EC0-301F-11D3-BF4B-00C04F79EFBC}") = "POPN4Service", "POPN4Service\POPN4Service.csproj", "{42BD505D-FA91-45CC-B860-BA2BB7BCFD69}"
	ProjectSection(ProjectDependencies) = postProject
		{68124B13-C2DB-4574-A9F2-BD2672E4D4AA} = {68124B13-C2DB-4574-A9F2-BD2672E4D4AA}
		{C10C6749-48E2-496A-9503-5449E2F34CE2} = {C10C6749-48E2-496A-9503-5449E2F34CE2}
		{78BED94F-01B9-446F-8084-145B3EC0753F} = {78BED94F-01B9-446F-8084-145B3EC0753F}
		{56D2F689-413D-4C58-A720-E1AD822CBF70} = {56D2F689-413D-4C58-A720-E1AD822CBF70}
		{741631BC-E2FD-441F-A565-EA355787B303} = {741631BC-E2FD-441F-A565-EA355787B303}
		{2068B1E5-8F8F-4FA0-AC07-A1C9843A6321} = {2068B1E5-8F8F-4FA0-AC07-A1C9843A6321}
	EndProjectSection
EndProject
Project("{FAE04EC0-301F-11D3-BF4B-00C04F79EFBC}") = "POPN4ControlPanel", "POPN4\POPN4ControlPanel.csproj", "{88D42EA5-D89A-405B-8280-A7E546478717}"
	ProjectSection(ProjectDependencies) = postProject
		{68124B13-C2DB-4574-A9F2-BD2672E4D4AA} = {68124B13-C2DB-4574-A9F2-BD2672E4D4AA}
		{7CDEF638-EC9C-4F14-85B8-F4923698F85E} = {7CDEF638-EC9C-4F14-85B8-F4923698F85E}
		{C10C6749-48E2-496A-9503-5449E2F34CE2} = {C10C6749-48E2-496A-9503-5449E2F34CE2}
		{42BD505D-FA91-45CC-B860-BA2BB7BCFD69} = {42BD505D-FA91-45CC-B860-BA2BB7BCFD69}
		{2541686B-1673-43BF-AF89-3163945DB009} = {2541686B-1673-43BF-AF89-3163945DB009}
		{56D2F689-413D-4C58-A720-E1AD822CBF70} = {56D2F689-413D-4C58-A720-E1AD822CBF70}
		{741631BC-E2FD-441F-A565-EA355787B303} = {741631BC-E2FD-441F-A565-EA355787B303}
	EndProjectSection
EndProject
Global
	GlobalSection(SolutionConfigurationPlatforms) = preSolution
		Debug|Any CPU = Debug|Any CPU
		Debug|x64 = Debug|x64
		Debug|x86 = Debug|x86
		Release|Any CPU = Release|Any CPU
		Release|x64 = Release|x64
		Release|x86 = Release|x86
	EndGlobalSection
	GlobalSection(ProjectConfigurationPlatforms) = postSolution
		{2A375DF3-8404-4C52-BB24-9D51C2502B81}.Debug|Any CPU.ActiveCfg = Debug|Any CPU
		{2A375DF3-8404-4C52-BB24-9D51C2502B81}.Debug|Any CPU.Build.0 = Debug|Any CPU
		{2A375DF3-8404-4C52-BB24-9D51C2502B81}.Debug|x64.ActiveCfg = Debug|Any CPU
		{2A375DF3-8404-4C52-BB24-9D51C2502B81}.Debug|x64.Build.0 = Debug|Any CPU
		{2A375DF3-8404-4C52-BB24-9D51C2502B81}.Debug|x86.ActiveCfg = Debug|x86
		{2A375DF3-8404-4C52-BB24-9D51C2502B81}.Debug|x86.Build.0 = Debug|x86
		{2A375DF3-8404-4C52-BB24-9D51C2502B81}.Release|Any CPU.ActiveCfg = Release|Any CPU
		{2A375DF3-8404-4C52-BB24-9D51C2502B81}.Release|Any CPU.Build.0 = Release|Any CPU
		{2A375DF3-8404-4C52-BB24-9D51C2502B81}.Release|x64.ActiveCfg = Release|Any CPU
		{2A375DF3-8404-4C52-BB24-9D51C2502B81}.Release|x64.Build.0 = Release|Any CPU
		{2A375DF3-8404-4C52-BB24-9D51C2502B81}.Release|x86.ActiveCfg = Release|x86
		{2A375DF3-8404-4C52-BB24-9D51C2502B81}.Release|x86.Build.0 = Release|x86
		{FD08683A-AC7C-48EA-A869-7A39F61A3E5B}.Debug|Any CPU.ActiveCfg = Debug|Any CPU
		{FD08683A-AC7C-48EA-A869-7A39F61A3E5B}.Debug|Any CPU.Build.0 = Debug|Any CPU
		{FD08683A-AC7C-48EA-A869-7A39F61A3E5B}.Debug|x64.ActiveCfg = Debug|Any CPU
		{FD08683A-AC7C-48EA-A869-7A39F61A3E5B}.Debug|x64.Build.0 = Debug|Any CPU
		{FD08683A-AC7C-48EA-A869-7A39F61A3E5B}.Debug|x86.ActiveCfg = Debug|x86
		{FD08683A-AC7C-48EA-A869-7A39F61A3E5B}.Debug|x86.Build.0 = Debug|x86
		{FD08683A-AC7C-48EA-A869-7A39F61A3E5B}.Release|Any CPU.ActiveCfg = Release|Any CPU
		{FD08683A-AC7C-48EA-A869-7A39F61A3E5B}.Release|Any CPU.Build.0 = Release|Any CPU
		{FD08683A-AC7C-48EA-A869-7A39F61A3E5B}.Release|x64.ActiveCfg = Release|Any CPU
		{FD08683A-AC7C-48EA-A869-7A39F61A3E5B}.Release|x64.Build.0 = Release|Any CPU
		{FD08683A-AC7C-48EA-A869-7A39F61A3E5B}.Release|x86.ActiveCfg = Release|x86
		{FD08683A-AC7C-48EA-A869-7A39F61A3E5B}.Release|x86.Build.0 = Release|x86
		{E6A97C66-EAEB-4177-A20E-785BBC89DA4F}.Debug|Any CPU.ActiveCfg = Debug|Any CPU
		{E6A97C66-EAEB-4177-A20E-785BBC89DA4F}.Debug|Any CPU.Build.0 = Debug|Any CPU
		{E6A97C66-EAEB-4177-A20E-785BBC89DA4F}.Debug|x64.ActiveCfg = Debug|Any CPU
		{E6A97C66-EAEB-4177-A20E-785BBC89DA4F}.Debug|x64.Build.0 = Debug|Any CPU
		{E6A97C66-EAEB-4177-A20E-785BBC89DA4F}.Debug|x86.ActiveCfg = Debug|x86
		{E6A97C66-EAEB-4177-A20E-785BBC89DA4F}.Debug|x86.Build.0 = Debug|x86
		{E6A97C66-EAEB-4177-A20E-785BBC89DA4F}.Release|Any CPU.ActiveCfg = Release|Any CPU
		{E6A97C66-EAEB-4177-A20E-785BBC89DA4F}.Release|Any CPU.Build.0 = Release|Any CPU
		{E6A97C66-EAEB-4177-A20E-785BBC89DA4F}.Release|x64.ActiveCfg = Release|Any CPU
		{E6A97C66-EAEB-4177-A20E-785BBC89DA4F}.Release|x64.Build.0 = Release|Any CPU
		{E6A97C66-EAEB-4177-A20E-785BBC89DA4F}.Release|x86.ActiveCfg = Release|x86
		{E6A97C66-EAEB-4177-A20E-785BBC89DA4F}.Release|x86.Build.0 = Release|x86
		{C1D7AB2F-FBA6-4579-9A52-6F1A779EAC5F}.Debug|Any CPU.ActiveCfg = Debug|Any CPU
		{C1D7AB2F-FBA6-4579-9A52-6F1A779EAC5F}.Debug|Any CPU.Build.0 = Debug|Any CPU
		{C1D7AB2F-FBA6-4579-9A52-6F1A779EAC5F}.Debug|x64.ActiveCfg = Debug|Any CPU
		{C1D7AB2F-FBA6-4579-9A52-6F1A779EAC5F}.Debug|x64.Build.0 = Debug|Any CPU
		{C1D7AB2F-FBA6-4579-9A52-6F1A779EAC5F}.Debug|x86.ActiveCfg = Debug|x86
		{C1D7AB2F-FBA6-4579-9A52-6F1A779EAC5F}.Debug|x86.Build.0 = Debug|x86
		{C1D7AB2F-FBA6-4579-9A52-6F1A779EAC5F}.Release|Any CPU.ActiveCfg = Release|Any CPU
		{C1D7AB2F-FBA6-4579-9A52-6F1A779EAC5F}.Release|Any CPU.Build.0 = Release|Any CPU
		{C1D7AB2F-FBA6-4579-9A52-6F1A779EAC5F}.Release|x64.ActiveCfg = Release|Any CPU
		{C1D7AB2F-FBA6-4579-9A52-6F1A779EAC5F}.Release|x64.Build.0 = Release|Any CPU
		{C1D7AB2F-FBA6-4579-9A52-6F1A779EAC5F}.Release|x86.ActiveCfg = Release|x86
		{C1D7AB2F-FBA6-4579-9A52-6F1A779EAC5F}.Release|x86.Build.0 = Release|x86
		{2541686B-1673-43BF-AF89-3163945DB009}.Debug|Any CPU.ActiveCfg = Debug|Any CPU
		{2541686B-1673-43BF-AF89-3163945DB009}.Debug|Any CPU.Build.0 = Debug|Any CPU
		{2541686B-1673-43BF-AF89-3163945DB009}.Debug|x64.ActiveCfg = Debug|Any CPU
		{2541686B-1673-43BF-AF89-3163945DB009}.Debug|x64.Build.0 = Debug|Any CPU
		{2541686B-1673-43BF-AF89-3163945DB009}.Debug|x86.ActiveCfg = Debug|x86
		{2541686B-1673-43BF-AF89-3163945DB009}.Debug|x86.Build.0 = Debug|x86
		{2541686B-1673-43BF-AF89-3163945DB009}.Release|Any CPU.ActiveCfg = Release|Any CPU
		{2541686B-1673-43BF-AF89-3163945DB009}.Release|Any CPU.Build.0 = Release|Any CPU
		{2541686B-1673-43BF-AF89-3163945DB009}.Release|x64.ActiveCfg = Release|Any CPU
		{2541686B-1673-43BF-AF89-3163945DB009}.Release|x64.Build.0 = Release|Any CPU
		{2541686B-1673-43BF-AF89-3163945DB009}.Release|x86.ActiveCfg = Release|x86
		{2541686B-1673-43BF-AF89-3163945DB009}.Release|x86.Build.0 = Release|x86
		{98348D7A-6606-4CEA-BAC9-859D435C5988}.Debug|Any CPU.ActiveCfg = Debug|Any CPU
		{98348D7A-6606-4CEA-BAC9-859D435C5988}.Debug|Any CPU.Build.0 = Debug|Any CPU
		{98348D7A-6606-4CEA-BAC9-859D435C5988}.Debug|x64.ActiveCfg = Debug|Any CPU
		{98348D7A-6606-4CEA-BAC9-859D435C5988}.Debug|x64.Build.0 = Debug|Any CPU
		{98348D7A-6606-4CEA-BAC9-859D435C5988}.Debug|x86.ActiveCfg = Debug|x86
		{98348D7A-6606-4CEA-BAC9-859D435C5988}.Debug|x86.Build.0 = Debug|x86
		{98348D7A-6606-4CEA-BAC9-859D435C5988}.Release|Any CPU.ActiveCfg = Release|Any CPU
		{98348D7A-6606-4CEA-BAC9-859D435C5988}.Release|Any CPU.Build.0 = Release|Any CPU
		{98348D7A-6606-4CEA-BAC9-859D435C5988}.Release|x64.ActiveCfg = Release|Any CPU
		{98348D7A-6606-4CEA-BAC9-859D435C5988}.Release|x64.Build.0 = Release|Any CPU
		{98348D7A-6606-4CEA-BAC9-859D435C5988}.Release|x86.ActiveCfg = Release|x86
		{98348D7A-6606-4CEA-BAC9-859D435C5988}.Release|x86.Build.0 = Release|x86
		{047BA7B6-8BA0-4E2C-8D77-D833BD050A07}.Debug|Any CPU.ActiveCfg = Debug|Any CPU
		{047BA7B6-8BA0-4E2C-8D77-D833BD050A07}.Debug|Any CPU.Build.0 = Debug|Any CPU
		{047BA7B6-8BA0-4E2C-8D77-D833BD050A07}.Debug|x64.ActiveCfg = Debug|x64
		{047BA7B6-8BA0-4E2C-8D77-D833BD050A07}.Debug|x64.Build.0 = Debug|x64
		{047BA7B6-8BA0-4E2C-8D77-D833BD050A07}.Debug|x86.ActiveCfg = Debug|x86
		{047BA7B6-8BA0-4E2C-8D77-D833BD050A07}.Debug|x86.Build.0 = Debug|x86
		{047BA7B6-8BA0-4E2C-8D77-D833BD050A07}.Release|Any CPU.ActiveCfg = Release|Any CPU
		{047BA7B6-8BA0-4E2C-8D77-D833BD050A07}.Release|Any CPU.Build.0 = Release|Any CPU
		{047BA7B6-8BA0-4E2C-8D77-D833BD050A07}.Release|x64.ActiveCfg = Release|x64
		{047BA7B6-8BA0-4E2C-8D77-D833BD050A07}.Release|x64.Build.0 = Release|x64
		{047BA7B6-8BA0-4E2C-8D77-D833BD050A07}.Release|x86.ActiveCfg = Release|x86
		{047BA7B6-8BA0-4E2C-8D77-D833BD050A07}.Release|x86.Build.0 = Release|x86
		{67699C72-DE24-4AE0-935F-2DF92ED14274}.Debug|Any CPU.ActiveCfg = Debug|Any CPU
		{67699C72-DE24-4AE0-935F-2DF92ED14274}.Debug|Any CPU.Build.0 = Debug|Any CPU
		{67699C72-DE24-4AE0-935F-2DF92ED14274}.Debug|x64.ActiveCfg = Debug|Any CPU
		{67699C72-DE24-4AE0-935F-2DF92ED14274}.Debug|x64.Build.0 = Debug|Any CPU
		{67699C72-DE24-4AE0-935F-2DF92ED14274}.Debug|x86.ActiveCfg = Debug|x86
		{67699C72-DE24-4AE0-935F-2DF92ED14274}.Debug|x86.Build.0 = Debug|x86
		{67699C72-DE24-4AE0-935F-2DF92ED14274}.Release|Any CPU.ActiveCfg = Release|Any CPU
		{67699C72-DE24-4AE0-935F-2DF92ED14274}.Release|Any CPU.Build.0 = Release|Any CPU
		{67699C72-DE24-4AE0-935F-2DF92ED14274}.Release|x64.ActiveCfg = Release|Any CPU
		{67699C72-DE24-4AE0-935F-2DF92ED14274}.Release|x64.Build.0 = Release|Any CPU
		{67699C72-DE24-4AE0-935F-2DF92ED14274}.Release|x86.ActiveCfg = Release|x86
		{67699C72-DE24-4AE0-935F-2DF92ED14274}.Release|x86.Build.0 = Release|x86
		{4C72C3DD-7D04-4572-BD64-5E82AF9DD974}.Debug|Any CPU.ActiveCfg = Debug|Any CPU
		{4C72C3DD-7D04-4572-BD64-5E82AF9DD974}.Debug|Any CPU.Build.0 = Debug|Any CPU
		{4C72C3DD-7D04-4572-BD64-5E82AF9DD974}.Debug|x64.ActiveCfg = Debug|x64
		{4C72C3DD-7D04-4572-BD64-5E82AF9DD974}.Debug|x64.Build.0 = Debug|x64
		{4C72C3DD-7D04-4572-BD64-5E82AF9DD974}.Debug|x86.ActiveCfg = Debug|x86
		{4C72C3DD-7D04-4572-BD64-5E82AF9DD974}.Debug|x86.Build.0 = Debug|x86
		{4C72C3DD-7D04-4572-BD64-5E82AF9DD974}.Release|Any CPU.ActiveCfg = Release|Any CPU
		{4C72C3DD-7D04-4572-BD64-5E82AF9DD974}.Release|Any CPU.Build.0 = Release|Any CPU
		{4C72C3DD-7D04-4572-BD64-5E82AF9DD974}.Release|x64.ActiveCfg = Release|x64
		{4C72C3DD-7D04-4572-BD64-5E82AF9DD974}.Release|x64.Build.0 = Release|x64
		{4C72C3DD-7D04-4572-BD64-5E82AF9DD974}.Release|x86.ActiveCfg = Release|x86
		{4C72C3DD-7D04-4572-BD64-5E82AF9DD974}.Release|x86.Build.0 = Release|x86
		{8AE66ACC-0064-408A-9732-C40BB869E60A}.Debug|Any CPU.ActiveCfg = Debug|Any CPU
		{8AE66ACC-0064-408A-9732-C40BB869E60A}.Debug|Any CPU.Build.0 = Debug|Any CPU
		{8AE66ACC-0064-408A-9732-C40BB869E60A}.Debug|x64.ActiveCfg = Debug|Any CPU
		{8AE66ACC-0064-408A-9732-C40BB869E60A}.Debug|x64.Build.0 = Debug|Any CPU
		{8AE66ACC-0064-408A-9732-C40BB869E60A}.Debug|x86.ActiveCfg = Debug|x86
		{8AE66ACC-0064-408A-9732-C40BB869E60A}.Debug|x86.Build.0 = Debug|x86
		{8AE66ACC-0064-408A-9732-C40BB869E60A}.Release|Any CPU.ActiveCfg = Release|Any CPU
		{8AE66ACC-0064-408A-9732-C40BB869E60A}.Release|Any CPU.Build.0 = Release|Any CPU
		{8AE66ACC-0064-408A-9732-C40BB869E60A}.Release|x64.ActiveCfg = Release|Any CPU
		{8AE66ACC-0064-408A-9732-C40BB869E60A}.Release|x64.Build.0 = Release|Any CPU
		{8AE66ACC-0064-408A-9732-C40BB869E60A}.Release|x86.ActiveCfg = Release|x86
		{8AE66ACC-0064-408A-9732-C40BB869E60A}.Release|x86.Build.0 = Release|x86
		{C10C6749-48E2-496A-9503-5449E2F34CE2}.Debug|Any CPU.ActiveCfg = Debug|Any CPU
		{C10C6749-48E2-496A-9503-5449E2F34CE2}.Debug|Any CPU.Build.0 = Debug|Any CPU
		{C10C6749-48E2-496A-9503-5449E2F34CE2}.Debug|x64.ActiveCfg = Debug|x64
		{C10C6749-48E2-496A-9503-5449E2F34CE2}.Debug|x64.Build.0 = Debug|x64
		{C10C6749-48E2-496A-9503-5449E2F34CE2}.Debug|x86.ActiveCfg = Debug|x86
		{C10C6749-48E2-496A-9503-5449E2F34CE2}.Debug|x86.Build.0 = Debug|x86
		{C10C6749-48E2-496A-9503-5449E2F34CE2}.Release|Any CPU.ActiveCfg = Release|Any CPU
		{C10C6749-48E2-496A-9503-5449E2F34CE2}.Release|Any CPU.Build.0 = Release|Any CPU
		{C10C6749-48E2-496A-9503-5449E2F34CE2}.Release|x64.ActiveCfg = Release|x64
		{C10C6749-48E2-496A-9503-5449E2F34CE2}.Release|x64.Build.0 = Release|x64
		{C10C6749-48E2-496A-9503-5449E2F34CE2}.Release|x86.ActiveCfg = Release|x86
		{C10C6749-48E2-496A-9503-5449E2F34CE2}.Release|x86.Build.0 = Release|x86
		{7CDEF638-EC9C-4F14-85B8-F4923698F85E}.Debug|Any CPU.ActiveCfg = Debug|Any CPU
		{7CDEF638-EC9C-4F14-85B8-F4923698F85E}.Debug|Any CPU.Build.0 = Debug|Any CPU
		{7CDEF638-EC9C-4F14-85B8-F4923698F85E}.Debug|x64.ActiveCfg = Debug|x64
		{7CDEF638-EC9C-4F14-85B8-F4923698F85E}.Debug|x64.Build.0 = Debug|x64
		{7CDEF638-EC9C-4F14-85B8-F4923698F85E}.Debug|x86.ActiveCfg = Debug|x86
		{7CDEF638-EC9C-4F14-85B8-F4923698F85E}.Debug|x86.Build.0 = Debug|x86
		{7CDEF638-EC9C-4F14-85B8-F4923698F85E}.Release|Any CPU.ActiveCfg = Release|Any CPU
		{7CDEF638-EC9C-4F14-85B8-F4923698F85E}.Release|Any CPU.Build.0 = Release|Any CPU
		{7CDEF638-EC9C-4F14-85B8-F4923698F85E}.Release|x64.ActiveCfg = Release|x64
		{7CDEF638-EC9C-4F14-85B8-F4923698F85E}.Release|x64.Build.0 = Release|x64
		{7CDEF638-EC9C-4F14-85B8-F4923698F85E}.Release|x86.ActiveCfg = Release|x86
		{7CDEF638-EC9C-4F14-85B8-F4923698F85E}.Release|x86.Build.0 = Release|x86
		{B68A681D-4620-4169-9753-72E0C99EB612}.Debug|Any CPU.ActiveCfg = Debug|Any CPU
		{B68A681D-4620-4169-9753-72E0C99EB612}.Debug|Any CPU.Build.0 = Debug|Any CPU
		{B68A681D-4620-4169-9753-72E0C99EB612}.Debug|x64.ActiveCfg = Debug|Any CPU
		{B68A681D-4620-4169-9753-72E0C99EB612}.Debug|x64.Build.0 = Debug|Any CPU
		{B68A681D-4620-4169-9753-72E0C99EB612}.Debug|x86.ActiveCfg = Debug|Any CPU
		{B68A681D-4620-4169-9753-72E0C99EB612}.Debug|x86.Build.0 = Debug|Any CPU
		{B68A681D-4620-4169-9753-72E0C99EB612}.Release|Any CPU.ActiveCfg = Release|Any CPU
		{B68A681D-4620-4169-9753-72E0C99EB612}.Release|Any CPU.Build.0 = Release|Any CPU
		{B68A681D-4620-4169-9753-72E0C99EB612}.Release|x64.ActiveCfg = Release|Any CPU
		{B68A681D-4620-4169-9753-72E0C99EB612}.Release|x64.Build.0 = Release|Any CPU
		{B68A681D-4620-4169-9753-72E0C99EB612}.Release|x86.ActiveCfg = Release|Any CPU
		{B68A681D-4620-4169-9753-72E0C99EB612}.Release|x86.Build.0 = Release|Any CPU
		{32416B16-2BA0-4551-8DA5-CE688FD2A2EC}.Debug|Any CPU.ActiveCfg = Debug|Any CPU
		{32416B16-2BA0-4551-8DA5-CE688FD2A2EC}.Debug|Any CPU.Build.0 = Debug|Any CPU
		{32416B16-2BA0-4551-8DA5-CE688FD2A2EC}.Debug|x64.ActiveCfg = Debug|Any CPU
		{32416B16-2BA0-4551-8DA5-CE688FD2A2EC}.Debug|x64.Build.0 = Debug|Any CPU
		{32416B16-2BA0-4551-8DA5-CE688FD2A2EC}.Debug|x86.ActiveCfg = Debug|x86
		{32416B16-2BA0-4551-8DA5-CE688FD2A2EC}.Debug|x86.Build.0 = Debug|x86
		{32416B16-2BA0-4551-8DA5-CE688FD2A2EC}.Release|Any CPU.ActiveCfg = Release|Any CPU
		{32416B16-2BA0-4551-8DA5-CE688FD2A2EC}.Release|Any CPU.Build.0 = Release|Any CPU
		{32416B16-2BA0-4551-8DA5-CE688FD2A2EC}.Release|x64.ActiveCfg = Release|Any CPU
		{32416B16-2BA0-4551-8DA5-CE688FD2A2EC}.Release|x64.Build.0 = Release|Any CPU
		{32416B16-2BA0-4551-8DA5-CE688FD2A2EC}.Release|x86.ActiveCfg = Release|x86
		{32416B16-2BA0-4551-8DA5-CE688FD2A2EC}.Release|x86.Build.0 = Release|x86
		{78BED94F-01B9-446F-8084-145B3EC0753F}.Debug|Any CPU.ActiveCfg = Debug|Any CPU
		{78BED94F-01B9-446F-8084-145B3EC0753F}.Debug|Any CPU.Build.0 = Debug|Any CPU
		{78BED94F-01B9-446F-8084-145B3EC0753F}.Debug|x64.ActiveCfg = Debug|Any CPU
		{78BED94F-01B9-446F-8084-145B3EC0753F}.Debug|x64.Build.0 = Debug|Any CPU
		{78BED94F-01B9-446F-8084-145B3EC0753F}.Debug|x86.ActiveCfg = Debug|x86
		{78BED94F-01B9-446F-8084-145B3EC0753F}.Debug|x86.Build.0 = Debug|x86
		{78BED94F-01B9-446F-8084-145B3EC0753F}.Release|Any CPU.ActiveCfg = Release|Any CPU
		{78BED94F-01B9-446F-8084-145B3EC0753F}.Release|Any CPU.Build.0 = Release|Any CPU
		{78BED94F-01B9-446F-8084-145B3EC0753F}.Release|x64.ActiveCfg = Release|Any CPU
		{78BED94F-01B9-446F-8084-145B3EC0753F}.Release|x64.Build.0 = Release|Any CPU
		{78BED94F-01B9-446F-8084-145B3EC0753F}.Release|x86.ActiveCfg = Release|x86
		{78BED94F-01B9-446F-8084-145B3EC0753F}.Release|x86.Build.0 = Release|x86
		{2068B1E5-8F8F-4FA0-AC07-A1C9843A6321}.Debug|Any CPU.ActiveCfg = Debug|Any CPU
		{2068B1E5-8F8F-4FA0-AC07-A1C9843A6321}.Debug|Any CPU.Build.0 = Debug|Any CPU
		{2068B1E5-8F8F-4FA0-AC07-A1C9843A6321}.Debug|x64.ActiveCfg = Debug|Any CPU
		{2068B1E5-8F8F-4FA0-AC07-A1C9843A6321}.Debug|x64.Build.0 = Debug|Any CPU
		{2068B1E5-8F8F-4FA0-AC07-A1C9843A6321}.Debug|x86.ActiveCfg = Debug|x86
		{2068B1E5-8F8F-4FA0-AC07-A1C9843A6321}.Debug|x86.Build.0 = Debug|x86
		{2068B1E5-8F8F-4FA0-AC07-A1C9843A6321}.Release|Any CPU.ActiveCfg = Release|Any CPU
		{2068B1E5-8F8F-4FA0-AC07-A1C9843A6321}.Release|Any CPU.Build.0 = Release|Any CPU
		{2068B1E5-8F8F-4FA0-AC07-A1C9843A6321}.Release|x64.ActiveCfg = Release|Any CPU
		{2068B1E5-8F8F-4FA0-AC07-A1C9843A6321}.Release|x64.Build.0 = Release|Any CPU
		{2068B1E5-8F8F-4FA0-AC07-A1C9843A6321}.Release|x86.ActiveCfg = Release|x86
		{2068B1E5-8F8F-4FA0-AC07-A1C9843A6321}.Release|x86.Build.0 = Release|x86
		{76405A69-A01F-4F60-8653-3DA5F0B9505F}.Debug|Any CPU.ActiveCfg = Debug|Any CPU
		{76405A69-A01F-4F60-8653-3DA5F0B9505F}.Debug|Any CPU.Build.0 = Debug|Any CPU
		{76405A69-A01F-4F60-8653-3DA5F0B9505F}.Debug|x64.ActiveCfg = Debug|Any CPU
		{76405A69-A01F-4F60-8653-3DA5F0B9505F}.Debug|x64.Build.0 = Debug|Any CPU
		{76405A69-A01F-4F60-8653-3DA5F0B9505F}.Debug|x86.ActiveCfg = Debug|x86
		{76405A69-A01F-4F60-8653-3DA5F0B9505F}.Debug|x86.Build.0 = Debug|x86
		{76405A69-A01F-4F60-8653-3DA5F0B9505F}.Release|Any CPU.ActiveCfg = Release|Any CPU
		{76405A69-A01F-4F60-8653-3DA5F0B9505F}.Release|Any CPU.Build.0 = Release|Any CPU
		{76405A69-A01F-4F60-8653-3DA5F0B9505F}.Release|x64.ActiveCfg = Release|Any CPU
		{76405A69-A01F-4F60-8653-3DA5F0B9505F}.Release|x64.Build.0 = Release|Any CPU
		{76405A69-A01F-4F60-8653-3DA5F0B9505F}.Release|x86.ActiveCfg = Release|x86
		{76405A69-A01F-4F60-8653-3DA5F0B9505F}.Release|x86.Build.0 = Release|x86
		{56D2F689-413D-4C58-A720-E1AD822CBF70}.Debug|Any CPU.ActiveCfg = Debug|Any CPU
		{56D2F689-413D-4C58-A720-E1AD822CBF70}.Debug|Any CPU.Build.0 = Debug|Any CPU
		{56D2F689-413D-4C58-A720-E1AD822CBF70}.Debug|x64.ActiveCfg = Debug|Any CPU
		{56D2F689-413D-4C58-A720-E1AD822CBF70}.Debug|x64.Build.0 = Debug|Any CPU
		{56D2F689-413D-4C58-A720-E1AD822CBF70}.Debug|x86.ActiveCfg = Debug|x86
		{56D2F689-413D-4C58-A720-E1AD822CBF70}.Debug|x86.Build.0 = Debug|x86
		{56D2F689-413D-4C58-A720-E1AD822CBF70}.Release|Any CPU.ActiveCfg = Release|Any CPU
		{56D2F689-413D-4C58-A720-E1AD822CBF70}.Release|Any CPU.Build.0 = Release|Any CPU
		{56D2F689-413D-4C58-A720-E1AD822CBF70}.Release|x64.ActiveCfg = Release|Any CPU
		{56D2F689-413D-4C58-A720-E1AD822CBF70}.Release|x64.Build.0 = Release|Any CPU
		{56D2F689-413D-4C58-A720-E1AD822CBF70}.Release|x86.ActiveCfg = Release|x86
		{56D2F689-413D-4C58-A720-E1AD822CBF70}.Release|x86.Build.0 = Release|x86
		{94D1E942-A756-4A49-BDA3-F8DC26937342}.Debug|Any CPU.ActiveCfg = Debug|Any CPU
		{94D1E942-A756-4A49-BDA3-F8DC26937342}.Debug|Any CPU.Build.0 = Debug|Any CPU
		{94D1E942-A756-4A49-BDA3-F8DC26937342}.Debug|x64.ActiveCfg = Debug|Any CPU
		{94D1E942-A756-4A49-BDA3-F8DC26937342}.Debug|x64.Build.0 = Debug|Any CPU
		{94D1E942-A756-4A49-BDA3-F8DC26937342}.Debug|x86.ActiveCfg = Debug|x86
		{94D1E942-A756-4A49-BDA3-F8DC26937342}.Debug|x86.Build.0 = Debug|x86
		{94D1E942-A756-4A49-BDA3-F8DC26937342}.Release|Any CPU.ActiveCfg = Release|Any CPU
		{94D1E942-A756-4A49-BDA3-F8DC26937342}.Release|Any CPU.Build.0 = Release|Any CPU
		{94D1E942-A756-4A49-BDA3-F8DC26937342}.Release|x64.ActiveCfg = Release|Any CPU
		{94D1E942-A756-4A49-BDA3-F8DC26937342}.Release|x64.Build.0 = Release|Any CPU
		{94D1E942-A756-4A49-BDA3-F8DC26937342}.Release|x86.ActiveCfg = Release|x86
		{94D1E942-A756-4A49-BDA3-F8DC26937342}.Release|x86.Build.0 = Release|x86
		{741631BC-E2FD-441F-A565-EA355787B303}.Debug|Any CPU.ActiveCfg = Debug|Any CPU
		{741631BC-E2FD-441F-A565-EA355787B303}.Debug|Any CPU.Build.0 = Debug|Any CPU
		{741631BC-E2FD-441F-A565-EA355787B303}.Debug|x64.ActiveCfg = Debug|Any CPU
		{741631BC-E2FD-441F-A565-EA355787B303}.Debug|x64.Build.0 = Debug|Any CPU
		{741631BC-E2FD-441F-A565-EA355787B303}.Debug|x86.ActiveCfg = Debug|x86
		{741631BC-E2FD-441F-A565-EA355787B303}.Debug|x86.Build.0 = Debug|x86
		{741631BC-E2FD-441F-A565-EA355787B303}.Release|Any CPU.ActiveCfg = Release|Any CPU
		{741631BC-E2FD-441F-A565-EA355787B303}.Release|Any CPU.Build.0 = Release|Any CPU
		{741631BC-E2FD-441F-A565-EA355787B303}.Release|x64.ActiveCfg = Release|Any CPU
		{741631BC-E2FD-441F-A565-EA355787B303}.Release|x64.Build.0 = Release|Any CPU
		{741631BC-E2FD-441F-A565-EA355787B303}.Release|x86.ActiveCfg = Release|x86
		{741631BC-E2FD-441F-A565-EA355787B303}.Release|x86.Build.0 = Release|x86
		{191EE53E-DE07-455F-A8A5-666F77575C4B}.Debug|Any CPU.ActiveCfg = Debug|Any CPU
		{191EE53E-DE07-455F-A8A5-666F77575C4B}.Debug|Any CPU.Build.0 = Debug|Any CPU
		{191EE53E-DE07-455F-A8A5-666F77575C4B}.Debug|x64.ActiveCfg = Debug|Any CPU
		{191EE53E-DE07-455F-A8A5-666F77575C4B}.Debug|x64.Build.0 = Debug|Any CPU
		{191EE53E-DE07-455F-A8A5-666F77575C4B}.Debug|x86.ActiveCfg = Debug|x86
		{191EE53E-DE07-455F-A8A5-666F77575C4B}.Debug|x86.Build.0 = Debug|x86
		{191EE53E-DE07-455F-A8A5-666F77575C4B}.Release|Any CPU.ActiveCfg = Release|Any CPU
		{191EE53E-DE07-455F-A8A5-666F77575C4B}.Release|Any CPU.Build.0 = Release|Any CPU
		{191EE53E-DE07-455F-A8A5-666F77575C4B}.Release|x64.ActiveCfg = Release|Any CPU
		{191EE53E-DE07-455F-A8A5-666F77575C4B}.Release|x64.Build.0 = Release|Any CPU
		{191EE53E-DE07-455F-A8A5-666F77575C4B}.Release|x86.ActiveCfg = Release|x86
		{191EE53E-DE07-455F-A8A5-666F77575C4B}.Release|x86.Build.0 = Release|x86
		{68124B13-C2DB-4574-A9F2-BD2672E4D4AA}.Debug|Any CPU.ActiveCfg = Debug|Any CPU
		{68124B13-C2DB-4574-A9F2-BD2672E4D4AA}.Debug|Any CPU.Build.0 = Debug|Any CPU
		{68124B13-C2DB-4574-A9F2-BD2672E4D4AA}.Debug|x64.ActiveCfg = Debug|Any CPU
		{68124B13-C2DB-4574-A9F2-BD2672E4D4AA}.Debug|x64.Build.0 = Debug|Any CPU
		{68124B13-C2DB-4574-A9F2-BD2672E4D4AA}.Debug|x86.ActiveCfg = Debug|Any CPU
		{68124B13-C2DB-4574-A9F2-BD2672E4D4AA}.Debug|x86.Build.0 = Debug|Any CPU
		{68124B13-C2DB-4574-A9F2-BD2672E4D4AA}.Release|Any CPU.ActiveCfg = Release|Any CPU
		{68124B13-C2DB-4574-A9F2-BD2672E4D4AA}.Release|Any CPU.Build.0 = Release|Any CPU
		{68124B13-C2DB-4574-A9F2-BD2672E4D4AA}.Release|x64.ActiveCfg = Release|Any CPU
		{68124B13-C2DB-4574-A9F2-BD2672E4D4AA}.Release|x64.Build.0 = Release|Any CPU
		{68124B13-C2DB-4574-A9F2-BD2672E4D4AA}.Release|x86.ActiveCfg = Release|Any CPU
		{68124B13-C2DB-4574-A9F2-BD2672E4D4AA}.Release|x86.Build.0 = Release|Any CPU
		{42BD505D-FA91-45CC-B860-BA2BB7BCFD69}.Debug|Any CPU.ActiveCfg = Debug|Any CPU
		{42BD505D-FA91-45CC-B860-BA2BB7BCFD69}.Debug|Any CPU.Build.0 = Debug|Any CPU
		{42BD505D-FA91-45CC-B860-BA2BB7BCFD69}.Debug|x64.ActiveCfg = Debug|Any CPU
		{42BD505D-FA91-45CC-B860-BA2BB7BCFD69}.Debug|x64.Build.0 = Debug|Any CPU
		{42BD505D-FA91-45CC-B860-BA2BB7BCFD69}.Debug|x86.ActiveCfg = Debug|Any CPU
		{42BD505D-FA91-45CC-B860-BA2BB7BCFD69}.Debug|x86.Build.0 = Debug|Any CPU
		{42BD505D-FA91-45CC-B860-BA2BB7BCFD69}.Release|Any CPU.ActiveCfg = Release|Any CPU
		{42BD505D-FA91-45CC-B860-BA2BB7BCFD69}.Release|Any CPU.Build.0 = Release|Any CPU
		{42BD505D-FA91-45CC-B860-BA2BB7BCFD69}.Release|x64.ActiveCfg = Release|Any CPU
		{42BD505D-FA91-45CC-B860-BA2BB7BCFD69}.Release|x64.Build.0 = Release|Any CPU
		{42BD505D-FA91-45CC-B860-BA2BB7BCFD69}.Release|x86.ActiveCfg = Release|Any CPU
		{42BD505D-FA91-45CC-B860-BA2BB7BCFD69}.Release|x86.Build.0 = Release|Any CPU
		{88D42EA5-D89A-405B-8280-A7E546478717}.Debug|Any CPU.ActiveCfg = Debug|Any CPU
		{88D42EA5-D89A-405B-8280-A7E546478717}.Debug|Any CPU.Build.0 = Debug|Any CPU
		{88D42EA5-D89A-405B-8280-A7E546478717}.Debug|x64.ActiveCfg = Debug|Any CPU
		{88D42EA5-D89A-405B-8280-A7E546478717}.Debug|x64.Build.0 = Debug|Any CPU
		{88D42EA5-D89A-405B-8280-A7E546478717}.Debug|x86.ActiveCfg = Debug|Any CPU
		{88D42EA5-D89A-405B-8280-A7E546478717}.Debug|x86.Build.0 = Debug|Any CPU
		{88D42EA5-D89A-405B-8280-A7E546478717}.Release|Any CPU.ActiveCfg = Release|Any CPU
		{88D42EA5-D89A-405B-8280-A7E546478717}.Release|Any CPU.Build.0 = Release|Any CPU
		{88D42EA5-D89A-405B-8280-A7E546478717}.Release|x64.ActiveCfg = Release|Any CPU
		{88D42EA5-D89A-405B-8280-A7E546478717}.Release|x64.Build.0 = Release|Any CPU
		{88D42EA5-D89A-405B-8280-A7E546478717}.Release|x86.ActiveCfg = Release|Any CPU
		{88D42EA5-D89A-405B-8280-A7E546478717}.Release|x86.Build.0 = Release|Any CPU
	EndGlobalSection
	GlobalSection(SolutionProperties) = preSolution
		HideSolutionNode = FALSE
	EndGlobalSection
	GlobalSection(ExtensibilityGlobals) = postSolution
		SolutionGuid = {CDB29866-CE3B-4905-BDC5-F753F4A6D88A}
	EndGlobalSection
EndGlobal
